
Microsoft Visual Studio Solution File, Format Version 11.00
# Visual Studio 2010
Project("{FAE04EC0-301F-11D3-BF4B-00C04F79EFBC}") = "MP3 Player wpf", "MP3 Player wpf\MP3 Player wpf.csproj", "{0C46121B-72FB-451E-A697-EB47F25BBB2D}"
EndProject
Global
	GlobalSection(SolutionConfigurationPlatforms) = preSolution
		Debug|x86 = Debug|x86
		Release|x86 = Release|x86
	EndGlobalSection
	GlobalSection(ProjectConfigurationPlatforms) = postSolution
		{0C46121B-72FB-451E-A697-EB47F25BBB2D}.Debug|x86.ActiveCfg = Debug|x86
		{0C46121B-72FB-451E-A697-EB47F25BBB2D}.Debug|x86.Build.0 = Debug|x86
		{0C46121B-72FB-451E-A697-EB47F25BBB2D}.Release|x86.ActiveCfg = Release|x86
		{0C46121B-72FB-451E-A697-EB47F25BBB2D}.Release|x86.Build.0 = Release|x86
	EndGlobalSection
	GlobalSection(SolutionProperties) = preSolution
		HideSolutionNode = FALSE
	EndGlobalSection
EndGlobal
